
Microsoft Visual Studio Solution File, Format Version 12.00
# Visual Studio Version 17
VisualStudioVersion = 17.10.35013.160
MinimumVisualStudioVersion = 10.0.40219.1
Project("{FAE04EC0-301F-11D3-BF4B-00C04F79EFBC}") = "SurfaceOverlay", "SurfaceOverlay\SurfaceOverlay.csproj", "{37483753-D59B-497D-967E-BF2D0C1EB6D4}"
EndProject
Global
	GlobalSection(SolutionConfigurationPlatforms) = preSolution
		Debug|Any CPU = Debug|Any CPU
		Debug|ARM64 = Debug|ARM64
		Release|Any CPU = Release|Any CPU
		Release|ARM64 = Release|ARM64
	EndGlobalSection
	GlobalSection(ProjectConfigurationPlatforms) = postSolution
		{37483753-D59B-497D-967E-BF2D0C1EB6D4}.Debug|Any CPU.ActiveCfg = Debug|Any CPU
		{37483753-D59B-497D-967E-BF2D0C1EB6D4}.Debug|Any CPU.Build.0 = Debug|Any CPU
		{37483753-D59B-497D-967E-BF2D0C1EB6D4}.Debug|ARM64.ActiveCfg = Debug|ARM64
		{37483753-D59B-497D-967E-BF2D0C1EB6D4}.Debug|ARM64.Build.0 = Debug|ARM64
		{37483753-D59B-497D-967E-BF2D0C1EB6D4}.Release|Any CPU.ActiveCfg = Release|Any CPU
		{37483753-D59B-497D-967E-BF2D0C1EB6D4}.Release|Any CPU.Build.0 = Release|Any CPU
		{37483753-D59B-497D-967E-BF2D0C1EB6D4}.Release|ARM64.ActiveCfg = Release|ARM64
		{37483753-D59B-497D-967E-BF2D0C1EB6D4}.Release|ARM64.Build.0 = Release|ARM64
	EndGlobalSection
	GlobalSection(SolutionProperties) = preSolution
		HideSolutionNode = FALSE
	EndGlobalSection
	GlobalSection(ExtensibilityGlobals) = postSolution
		SolutionGuid = {69118DD9-C77A-4EDF-B309-C268B1A32C01}
	EndGlobalSection
EndGlobal
